
Microsoft Visual Studio Solution File, Format Version 12.00
# Visual Studio Version 17
VisualStudioVersion = 17.6.33815.320
MinimumVisualStudioVersion = 10.0.40219.1
Project("{9A19103F-16F7-4668-BE54-9A1E7A4F7556}") = "TesteEnvioEmail", "TesteEnvioEmail\TesteEnvioEmail.csproj", "{A627B7F9-4502-4259-90FA-907C4FB2EB1E}"
EndProject
Project("{9A19103F-16F7-4668-BE54-9A1E7A4F7556}") = "Agenda.Messages", "..\ProjetoAgendaAspNetMVC\Agenda.Messages\Agenda.Messages.csproj", "{4AA40A4E-CE04-4292-91A0-AA98038E68C8}"
EndProject
Global
	GlobalSection(SolutionConfigurationPlatforms) = preSolution
		Debug|Any CPU = Debug|Any CPU
		Release|Any CPU = Release|Any CPU
	EndGlobalSection
	GlobalSection(ProjectConfigurationPlatforms) = postSolution
		{A627B7F9-4502-4259-90FA-907C4FB2EB1E}.Debug|Any CPU.ActiveCfg = Debug|Any CPU
		{A627B7F9-4502-4259-90FA-907C4FB2EB1E}.Debug|Any CPU.Build.0 = Debug|Any CPU
		{A627B7F9-4502-4259-90FA-907C4FB2EB1E}.Release|Any CPU.ActiveCfg = Release|Any CPU
		{A627B7F9-4502-4259-90FA-907C4FB2EB1E}.Release|Any CPU.Build.0 = Release|Any CPU
		{4AA40A4E-CE04-4292-91A0-AA98038E68C8}.Debug|Any CPU.ActiveCfg = Debug|Any CPU
		{4AA40A4E-CE04-4292-91A0-AA98038E68C8}.Debug|Any CPU.Build.0 = Debug|Any CPU
		{4AA40A4E-CE04-4292-91A0-AA98038E68C8}.Release|Any CPU.ActiveCfg = Release|Any CPU
		{4AA40A4E-CE04-4292-91A0-AA98038E68C8}.Release|Any CPU.Build.0 = Release|Any CPU
	EndGlobalSection
	GlobalSection(SolutionProperties) = preSolution
		HideSolutionNode = FALSE
	EndGlobalSection
	GlobalSection(ExtensibilityGlobals) = postSolution
		SolutionGuid = {77F27864-0D55-43B6-AFED-8DCB13134080}
	EndGlobalSection
EndGlobal
